
Microsoft Visual Studio Solution File, Format Version 12.00
# Visual Studio Version 17
VisualStudioVersion = 17.14.36414.22 d17.14
MinimumVisualStudioVersion = 10.0.40219.1
Project("{FAE04EC0-301F-11D3-BF4B-00C04F79EFBC}") = "IrbisTheatre", "IrbisTheatre\IrbisTheatre.csproj", "{8D1145E3-8D38-40FB-9D8C-D3F7324E98CE}"
EndProject
Global
	GlobalSection(SolutionConfigurationPlatforms) = preSolution
		Debug|Any CPU = Debug|Any CPU
		Release|Any CPU = Release|Any CPU
	EndGlobalSection
	GlobalSection(ProjectConfigurationPlatforms) = postSolution
		{8D1145E3-8D38-40FB-9D8C-D3F7324E98CE}.Debug|Any CPU.ActiveCfg = Debug|Any CPU
		{8D1145E3-8D38-40FB-9D8C-D3F7324E98CE}.Debug|Any CPU.Build.0 = Debug|Any CPU
		{8D1145E3-8D38-40FB-9D8C-D3F7324E98CE}.Release|Any CPU.ActiveCfg = Release|Any CPU
		{8D1145E3-8D38-40FB-9D8C-D3F7324E98CE}.Release|Any CPU.Build.0 = Release|Any CPU
	EndGlobalSection
	GlobalSection(SolutionProperties) = preSolution
		HideSolutionNode = FALSE
	EndGlobalSection
	GlobalSection(ExtensibilityGlobals) = postSolution
		SolutionGuid = {65FF0759-920C-442A-AB7C-52981CB43B56}
	EndGlobalSection
EndGlobal
